{
  "lockfileVersion": 1,
  "configVersion": 1,
  "workspaces": {
    "": {
      "name": "debugger-cli",
      "dependencies": {
        "@opentui/core": "^0.2.4",
        "@opentui/react": "^0.2.4",
        "lodash": "^4.18.1",
        "react": "^19.2.6",
        "tree-sitter-wasms": "^0.1.13",
        "zustand": "^5.0.13",
      },
      "devDependencies": {
        "@biomejs/biome": "2.4.14",
        "@types/bun": "latest",
        "@types/lodash": "^4.17.24",
        "@types/react": "^19.2.14",
      },
      "peerDependencies": {
        "typescript": "^6.0.3",
      },
    },
  },
  "packages": {
    "@biomejs/biome": ["@biomejs/biome@2.4.14", "", { "optionalDependencies": { "@biomejs/cli-darwin-arm64": "2.4.14", "@biomejs/cli-darwin-x64": "2.4.14", "@biomejs/cli-linux-arm64": "2.4.14", "@biomejs/cli-linux-arm64-musl": "2.4.14", "@biomejs/cli-linux-x64": "2.4.14", "@biomejs/cli-linux-x64-musl": "2.4.14", "@biomejs/cli-win32-arm64": "2.4.14", "@biomejs/cli-win32-x64": "2.4.14" }, "bin": { "biome": "bin/biome" } }, "sha512-TmAvxOEgrpLypzVGJ8FulIZnlyA9TxrO1hyqYrCz9r+bwma9xXxuLA5IuYnj55XQneFx460KjRbx6SWGLkg3bQ=="],

    "@biomejs/cli-darwin-arm64": ["@biomejs/cli-darwin-arm64@2.4.14", "", { "os": "darwin", "cpu": "arm64" }, "sha512-XvgoE9XOawUOQPdmvs4J7wPhi/DLwSCGks3AlPJDmh34O0awRTqCED1HRcRDdpf1Zrp4us4MGOOdIxNpbqNF5Q=="],

    "@biomejs/cli-darwin-x64": ["@biomejs/cli-darwin-x64@2.4.14", "", { "os": "darwin", "cpu": "x64" }, "sha512-jE7hKBCFhOx3uUh+ZkWBfOHxAcILPfhFplNkuID/eZeSTLHzfZzoZxW8fbqY9xXRnPi7jGNAf1iPVR+0yWsM/Q=="],

    "@biomejs/cli-linux-arm64": ["@biomejs/cli-linux-arm64@2.4.14", "", { "os": "linux", "cpu": "arm64" }, "sha512-2TELhZnW5RSLL063l9rc5xLpA0ZIw0Ccwy/0q384rvNAgFw3yI76bd59547yxowdQr5MNPET/xDLrLuvgSeeWQ=="],

    "@biomejs/cli-linux-arm64-musl": ["@biomejs/cli-linux-arm64-musl@2.4.14", "", { "os": "linux", "cpu": "arm64" }, "sha512-/z+6gqAqqUQTHazwStxSXKHg9b8UvqBmDFRp+c4wYbq2KXhELQDon9EoC9RpmQ8JWkqQx/lIUy/cs+MhzDZp6A=="],

    "@biomejs/cli-linux-x64": ["@biomejs/cli-linux-x64@2.4.14", "", { "os": "linux", "cpu": "x64" }, "sha512-zHrlQZDBDUz4OLAraYpWKcnLS6HOewBFWYOzY91d1ZjdqZwibOyb6BEu6WuWLugyo0P3riCmsbV9UqV1cSXwQg=="],

    "@biomejs/cli-linux-x64-musl": ["@biomejs/cli-linux-x64-musl@2.4.14", "", { "os": "linux", "cpu": "x64" }, "sha512-R6BWgJdQOwW9ulJatuTVrQkjnODjqHZkKNOqb1sz++3Noe5LYd0i3PchnOBUCYAPHoPWHhjJqbdZlHEu0hpjdA=="],

    "@biomejs/cli-win32-arm64": ["@biomejs/cli-win32-arm64@2.4.14", "", { "os": "win32", "cpu": "arm64" }, "sha512-M3EH5hqOI/F/FUA2u4xcLoUgmxd218mvuj/6JL7Hv2toQvr2/AdOvKSpGkoRuWFCtQPVa+ZqkEV3Q5xBA9+XSA=="],

    "@biomejs/cli-win32-x64": ["@biomejs/cli-win32-x64@2.4.14", "", { "os": "win32", "cpu": "x64" }, "sha512-WL0EG5qE+EAKomGXbf2g6VnSKJhTL3tXC0QRzWRwA5VpjxNYa6H4P7ZWfymbGE4IhZZQi1KXQ2R0YjwInmz2fA=="],

    "@opentui/core": ["@opentui/core@0.2.4", "", { "dependencies": { "bun-ffi-structs": "0.2.2", "diff": "9.0.0", "marked": "17.0.1", "string-width": "7.2.0", "strip-ansi": "7.1.2", "yoga-layout": "3.2.1" }, "optionalDependencies": { "@opentui/core-darwin-arm64": "0.2.4", "@opentui/core-darwin-x64": "0.2.4", "@opentui/core-linux-arm64": "0.2.4", "@opentui/core-linux-x64": "0.2.4", "@opentui/core-win32-arm64": "0.2.4", "@opentui/core-win32-x64": "0.2.4" }, "peerDependencies": { "web-tree-sitter": "0.25.10" } }, "sha512-6xRdxmSgCFsEIwUwv7Pr+XKS1gBOwYF0tS/DE4KxTNzuH39VQDot7blzm8UKl6okdurFAxkt2+1HJJStl+rICw=="],

    "@opentui/core-darwin-arm64": ["@opentui/core-darwin-arm64@0.2.4", "", { "os": "darwin", "cpu": "arm64" }, "sha512-2GlEndoBQkA8qSxr9RQEOgprdheCBRZvbUIfui5AUUmREZfgIQP+w399cJwmhlwSoNVNtfzLQGHxUFGfPhzMrQ=="],

    "@opentui/core-darwin-x64": ["@opentui/core-darwin-x64@0.2.4", "", { "os": "darwin", "cpu": "x64" }, "sha512-5V/Fcwg1rYTeKH9/bj3pMG1837APMIaYPfNWz0Ha87m5wcUKjodQOMf/xTzz2NJuLE/m5rydSuvY9uh5EJx3QA=="],

    "@opentui/core-linux-arm64": ["@opentui/core-linux-arm64@0.2.4", "", { "os": "linux", "cpu": "arm64" }, "sha512-yQoWlEH9sQ/OfpCYcoGxzV4mbPaMCbYIl3thD/vcvIqOSa386vjKZFdTeU5Lu1PHiz3MMU/8Fzej5pJ6ZFJFZA=="],

    "@opentui/core-linux-x64": ["@opentui/core-linux-x64@0.2.4", "", { "os": "linux", "cpu": "x64" }, "sha512-OxhBUqFHNcIhiKzon3+HYo4T2Me0ooRJQJW8bDVfEc7gtcWGm3ix/+8o7feQAdcbQW63Chwzed2glvbrOrDCzg=="],

    "@opentui/core-win32-arm64": ["@opentui/core-win32-arm64@0.2.4", "", { "os": "win32", "cpu": "arm64" }, "sha512-UWECe8y9vzdcotRf1ljOvWFOjNiGqAnmeC/SyylhvvoNhh/TqvbZawHVFifw/GZUlBEBdZcXF0f3XGGsW4M5Nw=="],

    "@opentui/core-win32-x64": ["@opentui/core-win32-x64@0.2.4", "", { "os": "win32", "cpu": "x64" }, "sha512-P7yBRAWwiMZXDnVzzXCNksjkCzAvQ5b2X32JzL3gACf+yobs4bvA9F47Ud+XgKZiqILf/c7fa0cud2E0cfWxlA=="],

    "@opentui/react": ["@opentui/react@0.2.4", "", { "dependencies": { "@opentui/core": "0.2.4", "react-reconciler": "^0.33.0" }, "peerDependencies": { "react": ">=19.2.0", "react-devtools-core": "^7.0.1", "ws": "^8.18.0" } }, "sha512-hGq4zR5iGOWzQ8HipmVlyrjr8N2UJZUTF3HFvhl8HZCdrpZoIkYQDFHK/4f59OmrxwjeAY5YaOmIAwJ+Go76FA=="],

    "@types/bun": ["@types/bun@1.3.13", "", { "dependencies": { "bun-types": "1.3.13" } }, "sha512-9fqXWk5YIHGGnUau9TEi+qdlTYDAnOj+xLCmSTwXfAIqXr2x4tytJb43E9uCvt09zJURKXwAtkoH4nLQfzeTXw=="],

    "@types/lodash": ["@types/lodash@4.17.24", "", {}, "sha512-gIW7lQLZbue7lRSWEFql49QJJWThrTFFeIMJdp3eH4tKoxm1OvEPg02rm4wCCSHS0cL3/Fizimb35b7k8atwsQ=="],

    "@types/node": ["@types/node@25.6.0", "", { "dependencies": { "undici-types": "~7.19.0" } }, "sha512-+qIYRKdNYJwY3vRCZMdJbPLJAtGjQBudzZzdzwQYkEPQd+PJGixUL5QfvCLDaULoLv+RhT3LDkwEfKaAkgSmNQ=="],

    "@types/react": ["@types/react@19.2.14", "", { "dependencies": { "csstype": "^3.2.2" } }, "sha512-ilcTH/UniCkMdtexkoCN0bI7pMcJDvmQFPvuPvmEaYA/NSfFTAgdUSLAoVjaRJm7+6PvcM+q1zYOwS4wTYMF9w=="],

    "ansi-regex": ["ansi-regex@6.2.2", "", {}, "sha512-Bq3SmSpyFHaWjPk8If9yc6svM8c56dB5BAtW4Qbw5jHTwwXXcTLoRMkpDJp6VL0XzlWaCHTXrkFURMYmD0sLqg=="],

    "bun-ffi-structs": ["bun-ffi-structs@0.2.2", "", { "peerDependencies": { "typescript": "^5" } }, "sha512-N/ZWtyN0piZlrXQT7TO0V+q952orYqkfhXRXM1Hcbb+R3QSiBH4vLnib187Mrs1H7pWIYECAmPeapGYDOMCl+w=="],

    "bun-types": ["bun-types@1.3.13", "", { "dependencies": { "@types/node": "*" } }, "sha512-QXKeHLlOLqQX9LgYaHJfzdBaV21T63HhFJnvuRCcjZiaUDpbs5ED1MgxbMra71CsryN/1dAoXuJJJwIv/2drVA=="],

    "csstype": ["csstype@3.2.3", "", {}, "sha512-z1HGKcYy2xA8AGQfwrn0PAy+PB7X/GSj3UVJW9qKyn43xWa+gl5nXmU4qqLMRzWVLFC8KusUX8T/0kCiOYpAIQ=="],

    "diff": ["diff@9.0.0", "", {}, "sha512-svtcdpS8CgJyqAjEQIXdb3OjhFVVYjzGAPO8WGCmRbrml64SPw/jJD4GoE98aR7r25A0XcgrK3F02yw9R/vhQw=="],

    "emoji-regex": ["emoji-regex@10.6.0", "", {}, "sha512-toUI84YS5YmxW219erniWD0CIVOo46xGKColeNQRgOzDorgBi1v4D71/OFzgD9GO2UGKIv1C3Sp8DAn0+j5w7A=="],

    "get-east-asian-width": ["get-east-asian-width@1.5.0", "", {}, "sha512-CQ+bEO+Tva/qlmw24dCejulK5pMzVnUOFOijVogd3KQs07HnRIgp8TGipvCCRT06xeYEbpbgwaCxglFyiuIcmA=="],

    "lodash": ["lodash@4.18.1", "", {}, "sha512-dMInicTPVE8d1e5otfwmmjlxkZoUpiVLwyeTdUsi/Caj/gfzzblBcCE5sRHV/AsjuCmxWrte2TNGSYuCeCq+0Q=="],

    "marked": ["marked@17.0.1", "", { "bin": { "marked": "bin/marked.js" } }, "sha512-boeBdiS0ghpWcSwoNm/jJBwdpFaMnZWRzjA6SkUMYb40SVaN1x7mmfGKp0jvexGcx+7y2La5zRZsYFZI6Qpypg=="],

    "react": ["react@19.2.6", "", {}, "sha512-sfWGGfavi0xr8Pg0sVsyHMAOziVYKgPLNrS7ig+ivMNb3wbCBw3KxtflsGBAwD3gYQlE/AEZsTLgToRrSCjb0Q=="],

    "react-devtools-core": ["react-devtools-core@7.0.1", "", { "dependencies": { "shell-quote": "^1.6.1", "ws": "^7" } }, "sha512-C3yNvRHaizlpiASzy7b9vbnBGLrhvdhl1CbdU6EnZgxPNbai60szdLtl+VL76UNOt5bOoVTOz5rNWZxgGt+Gsw=="],

    "react-reconciler": ["react-reconciler@0.33.0", "", { "dependencies": { "scheduler": "^0.27.0" }, "peerDependencies": { "react": "^19.2.0" } }, "sha512-KetWRytFv1epdpJc3J4G75I4WrplZE5jOL7Yq0p34+OVOKF4Se7WrdIdVC45XsSSmUTlht2FM/fM1FZb1mfQeA=="],

    "scheduler": ["scheduler@0.27.0", "", {}, "sha512-eNv+WrVbKu1f3vbYJT/xtiF5syA5HPIMtf9IgY/nKg0sWqzAUEvqY/xm7OcZc/qafLx/iO9FgOmeSAp4v5ti/Q=="],

    "shell-quote": ["shell-quote@1.8.3", "", {}, "sha512-ObmnIF4hXNg1BqhnHmgbDETF8dLPCggZWBjkQfhZpbszZnYur5DUljTcCHii5LC3J5E0yeO/1LIMyH+UvHQgyw=="],

    "string-width": ["string-width@7.2.0", "", { "dependencies": { "emoji-regex": "^10.3.0", "get-east-asian-width": "^1.0.0", "strip-ansi": "^7.1.0" } }, "sha512-tsaTIkKW9b4N+AEj+SVA+WhJzV7/zMhcSu78mLKWSk7cXMOSHsBKFWUs0fWwq8QyK3MgJBQRX6Gbi4kYbdvGkQ=="],

    "strip-ansi": ["strip-ansi@7.1.2", "", { "dependencies": { "ansi-regex": "^6.0.1" } }, "sha512-gmBGslpoQJtgnMAvOVqGZpEz9dyoKTCzy2nfz/n8aIFhN/jCE/rCmcxabB6jOOHV+0WNnylOxaxBQPSvcWklhA=="],

    "tree-sitter-wasms": ["tree-sitter-wasms@0.1.13", "", { "dependencies": { "tree-sitter-wasms": "^0.1.11" } }, "sha512-wT+cR6DwaIz80/vho3AvSF0N4txuNx/5bcRKoXouOfClpxh/qqrF4URNLQXbbt8MaAxeksZcZd1j8gcGjc+QxQ=="],

    "typescript": ["typescript@6.0.3", "", { "bin": { "tsc": "bin/tsc", "tsserver": "bin/tsserver" } }, "sha512-y2TvuxSZPDyQakkFRPZHKFm+KKVqIisdg9/CZwm9ftvKXLP8NRWj38/ODjNbr43SsoXqNuAisEf1GdCxqWcdBw=="],

    "undici-types": ["undici-types@7.19.2", "", {}, "sha512-qYVnV5OEm2AW8cJMCpdV20CDyaN3g0AjDlOGf1OW4iaDEx8MwdtChUp4zu4H0VP3nDRF/8RKWH+IPp9uW0YGZg=="],

    "web-tree-sitter": ["web-tree-sitter@0.25.10", "", { "peerDependencies": { "@types/emscripten": "^1.40.0" }, "optionalPeers": ["@types/emscripten"] }, "sha512-Y09sF44/13XvgVKgO2cNDw5rGk6s26MgoZPXLESvMXeefBf7i6/73eFurre0IsTW6E14Y0ArIzhUMmjoc7xyzA=="],

    "ws": ["ws@8.20.0", "", { "peerDependencies": { "bufferutil": "^4.0.1", "utf-8-validate": ">=5.0.2" }, "optionalPeers": ["bufferutil", "utf-8-validate"] }, "sha512-sAt8BhgNbzCtgGbt2OxmpuryO63ZoDk/sqaB/znQm94T4fCEsy/yV+7CdC1kJhOU9lboAEU7R3kquuycDoibVA=="],

    "yoga-layout": ["yoga-layout@3.2.1", "", {}, "sha512-0LPOt3AxKqMdFBZA3HBAt/t/8vIKq7VaQYbuA8WxCgung+p9TVyKRYdpvCb80HcdTN2NkbIKbhNwKUfm3tQywQ=="],

    "zustand": ["zustand@5.0.13", "", { "peerDependencies": { "@types/react": ">=18.0.0", "immer": ">=9.0.6", "react": ">=18.0.0", "use-sync-external-store": ">=1.2.0" }, "optionalPeers": ["@types/react", "immer", "react", "use-sync-external-store"] }, "sha512-efI2tVaVQPqtOh114loML/Z80Y4NP3yc+Ff0fYiZJPauNeWZeIp/bRFD7I9bfmCOYBh/PHxlglQ9+wvlwnPikQ=="],

    "react-devtools-core/ws": ["ws@7.5.10", "", { "peerDependencies": { "bufferutil": "^4.0.1", "utf-8-validate": "^5.0.2" }, "optionalPeers": ["bufferutil", "utf-8-validate"] }, "sha512-+dbF1tHwZpXcbOJdVOkzLDxZP1ailvSxM6ZweXTegylPny803bFhA+vqBYw4s31NSAk4S2Qz+AKXK9a4wkdjcQ=="],
  }
}
